// !$*UTF8*$!
{
	archiveVersion = 1;
	classes = {
	};
	objectVersion = 46;
	objects = {

/* Begin PBXBuildFile section */
		00F529AD1B0ADD8200DBEB9D /* main.m in Sources */ = {isa = PBXBuildFile; fileRef = 00F529AC1B0ADD8200DBEB9D /* main.m */; };
		00F529B01B0ADD8200DBEB9D /* AppDelegate.m in Sources */ = {isa = PBXBuildFile; fileRef = 00F529AF1B0ADD8200DBEB9D /* AppDelegate.m */; };
		00F529B31B0ADD8200DBEB9D /* ViewController.m in Sources */ = {isa = PBXBuildFile; fileRef = 00F529B21B0ADD8200DBEB9D /* ViewController.m */; };
		00F529B61B0ADD8200DBEB9D /* Main.storyboard in Resources */ = {isa = PBXBuildFile; fileRef = 00F529B41B0ADD8200DBEB9D /* Main.storyboard */; };
		00F529B81B0ADD8200DBEB9D /* Images.xcassets in Resources */ = {isa = PBXBuildFile; fileRef = 00F529B71B0ADD8200DBEB9D /* Images.xcassets */; };
		00F529BB1B0ADD8200DBEB9D /* LaunchScreen.xib in Resources */ = {isa = PBXBuildFile; fileRef = 00F529B91B0ADD8200DBEB9D /* LaunchScreen.xib */; };
		00F529C71B0ADD8200DBEB9D /* ImageUpTitleDownButtonTests.m in Sources */ = {isa = PBXBuildFile; fileRef = 00F529C61B0ADD8200DBEB9D /* ImageUpTitleDownButtonTests.m */; };
		00F529D21B0ADE4A00DBEB9D /* UIButton+SSEdgeInsets.m in Sources */ = {isa = PBXBuildFile; fileRef = 00F529D11B0ADE4A00DBEB9D /* UIButton+SSEdgeInsets.m */; };
		00F529D41B0ADEAB00DBEB9D /* icon@2x.png in Resources */ = {isa = PBXBuildFile; fileRef = 00F529D31B0ADEAB00DBEB9D /* icon@2x.png */; };
/* End PBXBuildFile section */

/* Begin PBXContainerItemProxy section */
		00F529C11B0ADD8200DBEB9D /* PBXContainerItemProxy */ = {
			isa = PBXContainerItemProxy;
			containerPortal = 00F5299F1B0ADD8100DBEB9D /* Project object */;
			proxyType = 1;
			remoteGlobalIDString = 00F529A61B0ADD8100DBEB9D;
			remoteInfo = ImageUpTitleDownButton;
		};
/* End PBXContainerItemProxy section */

/* Begin PBXFileReference section */
		00F529A71B0ADD8100DBEB9D /* ImageUpTitleDownButton.app */ = {isa = PBXFileReference; explicitFileType = wrapper.application; includeInIndex = 0; path = ImageUpTitleDownButton.app; sourceTree = BUILT_PRODUCTS_DIR; };
		00F529AB1B0ADD8200DBEB9D /* Info.plis */ = {isa = PBXFileReference; lastKnownFileType = text.xml; path = Info.plis; sourceTree = "<group>"; };
		00F529AC1B0ADD8200DBEB9D /* main.m */ = {isa = PBXFileReference; lastKnownFileType = sourcecode.c.objc; path = main.m; sourceTree = "<group>"; };
		00F529AE1B0ADD8200DBEB9D /* AppDelegate.h */ = {isa = PBXFileReference; lastKnownFileType = sourcecode.c.h; path = AppDelegate.h; sourceTree = "<group>"; };
		00F529AF1B0ADD8200DBEB9D /* AppDelegate.m */ = {isa = PBXFileReference; lastKnownFileType = sourcecode.c.objc; path = AppDelegate.m; sourceTree = "<group>"; };
		00F529B11B0ADD8200DBEB9D /* ViewController.h */ = {isa = PBXFileReference; lastKnownFileType = sourcecode.c.h; path = ViewController.h; sourceTree = "<group>"; };
		00F529B21B0ADD8200DBEB9D /* ViewController.m */ = {isa = PBXFileReference; lastKnownFileType = sourcecode.c.objc; path = ViewController.m; sourceTree = "<group>"; };
		00F529B51B0ADD8200DBEB9D /* Base */ = {isa = PBXFileReference; lastKnownFileType = file.storyboard; name = Base; path = Base.lproj/Main.storyboard; sourceTree = "<group>"; };
		00F529B71B0ADD8200DBEB9D /* Images.xcassets */ = {isa = PBXFileReference; lastKnownFileType = folder.assetcatalog; path = Images.xcassets; sourceTree = "<group>"; };
		00F529BA1B0ADD8200DBEB9D /* Base */ = {isa = PBXFileReference; lastKnownFileType = file.xib; name = Base; path = Base.lproj/LaunchScreen.xib; sourceTree = "<group>"; };
		00F529C01B0ADD8200DBEB9D /* ImageUpTitleDownButtonTests.xctest */ = {isa = PBXFileReference; explicitFileType = wrapper.cfbundle; includeInIndex = 0; path = ImageUpTitleDownButtonTests.xctest; sourceTree = BUILT_PRODUCTS_DIR; };
		00F529C51B0ADD8200DBEB9D /* Info.plis */ = {isa = PBXFileReference; lastKnownFileType = text.xml; path = Info.plis; sourceTree = "<group>"; };
		00F529C61B0ADD8200DBEB9D /* ImageUpTitleDownButtonTests.m */ = {isa = PBXFileReference; lastKnownFileType = sourcecode.c.objc; path = ImageUpTitleDownButtonTests.m; sourceTree = "<group>"; };
		00F529D01B0ADE4A00DBEB9D /* UIButton+SSEdgeInsets.h */ = {isa = PBXFileReference; fileEncoding = 4; lastKnownFileType = sourcecode.c.h; path = "UIButton+SSEdgeInsets.h"; sourceTree = "<group>"; };
		00F529D11B0ADE4A00DBEB9D /* UIButton+SSEdgeInsets.m */ = {isa = PBXFileReference; fileEncoding = 4; lastKnownFileType = sourcecode.c.objc; path = "UIButton+SSEdgeInsets.m"; sourceTree = "<group>"; };
		00F529D31B0ADEAB00DBEB9D /* icon@2x.png */ = {isa = PBXFileReference; lastKnownFileType = image.png; path = "icon@2x.png"; sourceTree = "<group>"; };
/* End PBXFileReference section */

/* Begin PBXFrameworksBuildPhase section */
		00F529A41B0ADD8100DBEB9D /* Frameworks */ = {
			isa = PBXFrameworksBuildPhase;
			buildActionMask = 2147483647;
			files = (
			);
			runOnlyForDeploymentPostprocessing = 0;
		};
		00F529BD1B0ADD8200DBEB9D /* Frameworks */ = {
			isa = PBXFrameworksBuildPhase;
			buildActionMask = 2147483647;
			files = (
			);
			runOnlyForDeploymentPostprocessing = 0;
		};
/* End PBXFrameworksBuildPhase section */

/* Begin PBXGroup section */
		00F5299E1B0ADD8100DBEB9D = {
			isa = PBXGroup;
			children = (
				00F529A91B0ADD8100DBEB9D /* ImageUpTitleDownButton */,
				00F529C31B0ADD8200DBEB9D /* ImageUpTitleDownButtonTests */,
				00F529A81B0ADD8100DBEB9D /* Products */,
			);
			sourceTree = "<group>";
		};
		00F529A81B0ADD8100DBEB9D /* Products */ = {
			isa = PBXGroup;
			children = (
				00F529A71B0ADD8100DBEB9D /* ImageUpTitleDownButton.app */,
				00F529C01B0ADD8200DBEB9D /* ImageUpTitleDownButtonTests.xctest */,
			);
			name = Products;
			sourceTree = "<group>";
		};
		00F529A91B0ADD8100DBEB9D /* ImageUpTitleDownButton */ = {
			isa = PBXGroup;
			children = (
				00F529D31B0ADEAB00DBEB9D /* icon@2x.png */,
				00F529D01B0ADE4A00DBEB9D /* UIButton+SSEdgeInsets.h */,
				00F529D11B0ADE4A00DBEB9D /* UIButton+SSEdgeInsets.m */,
				00F529AE1B0ADD8200DBEB9D /* AppDelegate.h */,
				00F529AF1B0ADD8200DBEB9D /* AppDelegate.m */,
				00F529B11B0ADD8200DBEB9D /* ViewController.h */,
				00F529B21B0ADD8200DBEB9D /* ViewController.m */,
				00F529B41B0ADD8200DBEB9D /* Main.storyboard */,
				00F529B71B0ADD8200DBEB9D /* Images.xcassets */,
				00F529B91B0ADD8200DBEB9D /* LaunchScreen.xib */,
				00F529AA1B0ADD8100DBEB9D /* Supporting Files */,
			);
			path = ImageUpTitleDownButton;
			sourceTree = "<group>";
		};
		00F529AA1B0ADD8100DBEB9D /* Supporting Files */ = {
			isa = PBXGroup;
			children = (
				00F529AB1B0ADD8200DBEB9D /* Info.plis */,
				00F529AC1B0ADD8200DBEB9D /* main.m */,
			);
			name = "Supporting Files";
			sourceTree = "<group>";
		};
		00F529C31B0ADD8200DBEB9D /* ImageUpTitleDownButtonTests */ = {
			isa = PBXGroup;
			children = (
				00F529C61B0ADD8200DBEB9D /* ImageUpTitleDownButtonTests.m */,
				00F529C41B0ADD8200DBEB9D /* Supporting Files */,
			);
			path = ImageUpTitleDownButtonTests;
			sourceTree = "<group>";
		};
		00F529C41B0ADD8200DBEB9D /* Supporting Files */ = {
			isa = PBXGroup;
			children = (
				00F529C51B0ADD8200DBEB9D /* Info.plis */,
			);
			name = "Supporting Files";
			sourceTree = "<group>";
		};
/* End PBXGroup section */

/* Begin PBXNativeTarget section */
		00F529A61B0ADD8100DBEB9D /* ImageUpTitleDownButton */ = {
			isa = PBXNativeTarget;
			buildConfigurationList = 00F529CA1B0ADD8200DBEB9D /* Build configuration list for PBXNativeTarget "ImageUpTitleDownButton" */;
			buildPhases = (
				00F529A31B0ADD8100DBEB9D /* Sources */,
				00F529A41B0ADD8100DBEB9D /* Frameworks */,
				00F529A51B0ADD8100DBEB9D /* Resources */,
			);
			buildRules = (
			);
			dependencies = (
			);
			name = ImageUpTitleDownButton;
			productName = ImageUpTitleDownButton;
			productReference = 00F529A71B0ADD8100DBEB9D /* ImageUpTitleDownButton.app */;
			productType = "com.apple.product-type.application";
		};
		00F529BF1B0ADD8200DBEB9D /* ImageUpTitleDownButtonTests */ = {
			isa = PBXNativeTarget;
			buildConfigurationList = 00F529CD1B0ADD8200DBEB9D /* Build configuration list for PBXNativeTarget "ImageUpTitleDownButtonTests" */;
			buildPhases = (
				00F529BC1B0ADD8200DBEB9D /* Sources */,
				00F529BD1B0ADD8200DBEB9D /* Frameworks */,
				00F529BE1B0ADD8200DBEB9D /* Resources */,
			);
			buildRules = (
			);
			dependencies = (
				00F529C21B0ADD8200DBEB9D /* PBXTargetDependency */,
			);
			name = ImageUpTitleDownButtonTests;
			productName = ImageUpTitleDownButtonTests;
			productReference = 00F529C01B0ADD8200DBEB9D /* ImageUpTitleDownButtonTests.xctest */;
			productType = "com.apple.product-type.bundle.unit-test";
		};
/* End PBXNativeTarget section */

/* Begin PBXProject section */
		00F5299F1B0ADD8100DBEB9D /* Project object */ = {
			isa = PBXProject;
			attributes = {
				LastUpgradeCheck = 0630;
				ORGANIZATIONNAME = elong;
				TargetAttributes = {
					00F529A61B0ADD8100DBEB9D = {
						CreatedOnToolsVersion = 6.3.1;
					};
					00F529BF1B0ADD8200DBEB9D = {
						CreatedOnToolsVersion = 6.3.1;
						TestTargetID = 00F529A61B0ADD8100DBEB9D;
					};
				};
			};
			buildConfigurationList = 00F529A21B0ADD8100DBEB9D /* Build configuration list for PBXProject "ImageUpTitleDownButton" */;
			compatibilityVersion = "Xcode 3.2";
			developmentRegion = English;
			hasScannedForEncodings = 0;
			knownRegions = (
				en,
				Base,
			);
			mainGroup = 00F5299E1B0ADD8100DBEB9D;
			productRefGroup = 00F529A81B0ADD8100DBEB9D /* Products */;
			projectDirPath = "";
			projectRoot = "";
			targets = (
				00F529A61B0ADD8100DBEB9D /* ImageUpTitleDownButton */,
				00F529BF1B0ADD8200DBEB9D /* ImageUpTitleDownButtonTests */,
			);
		};
/* End PBXProject section */

/* Begin PBXResourcesBuildPhase section */
		00F529A51B0ADD8100DBEB9D /* Resources */ = {
			isa = PBXResourcesBuildPhase;
			buildActionMask = 2147483647;
			files = (
				00F529B61B0ADD8200DBEB9D /* Main.storyboard in Resources */,
				00F529D41B0ADEAB00DBEB9D /* icon@2x.png in Resources */,
				00F529BB1B0ADD8200DBEB9D /* LaunchScreen.xib in Resources */,
				00F529B81B0ADD8200DBEB9D /* Images.xcassets in Resources */,
			);
			runOnlyForDeploymentPostprocessing = 0;
		};
		00F529BE1B0ADD8200DBEB9D /* Resources */ = {
			isa = PBXResourcesBuildPhase;
			buildActionMask = 2147483647;
			files = (
			);
			runOnlyForDeploymentPostprocessing = 0;
		};
/* End PBXResourcesBuildPhase section */

/* Begin PBXSourcesBuildPhase section */
		00F529A31B0ADD8100DBEB9D /* Sources */ = {
			isa = PBXSourcesBuildPhase;
			buildActionMask = 2147483647;
			files = (
				00F529D21B0ADE4A00DBEB9D /* UIButton+SSEdgeInsets.m in Sources */,
				00F529B31B0ADD8200DBEB9D /* ViewController.m in Sources */,
				00F529B01B0ADD8200DBEB9D /* AppDelegate.m in Sources */,
				00F529AD1B0ADD8200DBEB9D /* main.m in Sources */,
			);
			runOnlyForDeploymentPostprocessing = 0;
		};
		00F529BC1B0ADD8200DBEB9D /* Sources */ = {
			isa = PBXSourcesBuildPhase;
			buildActionMask = 2147483647;
			files = (
				00F529C71B0ADD8200DBEB9D /* ImageUpTitleDownButtonTests.m in Sources */,
			);
			runOnlyForDeploymentPostprocessing = 0;
		};
/* End PBXSourcesBuildPhase section */

/* Begin PBXTargetDependency section */
		00F529C21B0ADD8200DBEB9D /* PBXTargetDependency */ = {
			isa = PBXTargetDependency;
			target = 00F529A61B0ADD8100DBEB9D /* ImageUpTitleDownButton */;
			targetProxy = 00F529C11B0ADD8200DBEB9D /* PBXContainerItemProxy */;
		};
/* End PBXTargetDependency section */

/* Begin PBXVariantGroup section */
		00F529B41B0ADD8200DBEB9D /* Main.storyboard */ = {
			isa = PBXVariantGroup;
			children = (
				00F529B51B0ADD8200DBEB9D /* Base */,
			);
			name = Main.storyboard;
			sourceTree = "<group>";
		};
		00F529B91B0ADD8200DBEB9D /* LaunchScreen.xib */ = {
			isa = PBXVariantGroup;
			children = (
				00F529BA1B0ADD8200DBEB9D /* Base */,
			);
			name = LaunchScreen.xib;
			sourceTree = "<group>";
		};
/* End PBXVariantGroup section */

/* Begin XCBuildConfiguration section */
		00F529C81B0ADD8200DBEB9D /* Debug */ = {
			isa = XCBuildConfiguration;
			buildSettings = {
				ALWAYS_SEARCH_USER_PATHS = NO;
				CLANG_CXX_LANGUAGE_STANDARD = "gnu++0x";
				CLANG_CXX_LIBRARY = "libc++";
				CLANG_ENABLE_MODULES = YES;
				CLANG_ENABLE_OBJC_ARC = YES;
				CLANG_WARN_BOOL_CONVERSION = YES;
				CLANG_WARN_CONSTANT_CONVERSION = YES;
				CLANG_WARN_DIRECT_OBJC_ISA_USAGE = YES_ERROR;
				CLANG_WARN_EMPTY_BODY = YES;
				CLANG_WARN_ENUM_CONVERSION = YES;
				CLANG_WARN_INT_CONVERSION = YES;
				CLANG_WARN_OBJC_ROOT_CLASS = YES_ERROR;
				CLANG_WARN_UNREACHABLE_CODE = YES;
				CLANG_WARN__DUPLICATE_METHOD_MATCH = YES;
				"CODE_SIGN_IDENTITY[sdk=iphoneos*]" = "iPhone Developer";
				COPY_PHASE_STRIP = NO;
				DEBUG_INFORMATION_FORMAT = "dwarf-with-dsym";
				ENABLE_STRICT_OBJC_MSGSEND = YES;
				GCC_C_LANGUAGE_STANDARD = gnu99;
				GCC_DYNAMIC_NO_PIC = NO;
				GCC_NO_COMMON_BLOCKS = YES;
				GCC_OPTIMIZATION_LEVEL = 0;
				GCC_PREPROCESSOR_DEFINITIONS = (
					"DEBUG=1",
					"$(inherited)",
				);
				GCC_SYMBOLS_PRIVATE_EXTERN = NO;
				GCC_WARN_64_TO_32_BIT_CONVERSION = YES;
				GCC_WARN_ABOUT_RETURN_TYPE = YES_ERROR;
				GCC_WARN_UNDECLARED_SELECTOR = YES;
				GCC_WARN_UNINITIALIZED_AUTOS = YES_AGGRESSIVE;
				GCC_WARN_UNUSED_FUNCTION = YES;
				GCC_WARN_UNUSED_VARIABLE = YES;
				IPHONEOS_DEPLOYMENT_TARGET = 8.3;
				MTL_ENABLE_DEBUG_INFO = YES;
				ONLY_ACTIVE_ARCH = YES;
				SDKROOT = iphoneos;
			};
			name = Debug;
		};
		00F529C91B0ADD8200DBEB9D /* Release */ = {
			isa = XCBuildConfiguration;
			buildSettings = {
				ALWAYS_SEARCH_USER_PATHS = NO;
				CLANG_CXX_LANGUAGE_STANDARD = "gnu++0x";
				CLANG_CXX_LIBRARY = "libc++";
				CLANG_ENABLE_MODULES = YES;
				CLANG_ENABLE_OBJC_ARC = YES;
				CLANG_WARN_BOOL_CONVERSION = YES;
				CLANG_WARN_CONSTANT_CONVERSION = YES;
				CLANG_WARN_DIRECT_OBJC_ISA_USAGE = YES_ERROR;
				CLANG_WARN_EMPTY_BODY = YES;
				CLANG_WARN_ENUM_CONVERSION = YES;
				CLANG_WARN_INT_CONVERSION = YES;
				CLANG_WARN_OBJC_ROOT_CLASS = YES_ERROR;
				CLANG_WARN_UNREACHABLE_CODE = YES;
				CLANG_WARN__DUPLICATE_METHOD_MATCH = YES;
				"CODE_SIGN_IDENTITY[sdk=iphoneos*]" = "iPhone Developer";
				COPY_PHASE_STRIP = NO;
				DEBUG_INFORMATION_FORMAT = "dwarf-with-dsym";
				ENABLE_NS_ASSERTIONS = NO;
				ENABLE_STRICT_OBJC_MSGSEND = YES;
				GCC_C_LANGUAGE_STANDARD = gnu99;
				GCC_NO_COMMON_BLOCKS = YES;
				GCC_WARN_64_TO_32_BIT_CONVERSION = YES;
				GCC_WARN_ABOUT_RETURN_TYPE = YES_ERROR;
				GCC_WARN_UNDECLARED_SELECTOR = YES;
				GCC_WARN_UNINITIALIZED_AUTOS = YES_AGGRESSIVE;
				GCC_WARN_UNUSED_FUNCTION = YES;
				GCC_WARN_UNUSED_VARIABLE = YES;
				IPHONEOS_DEPLOYMENT_TARGET = 8.3;
				MTL_ENABLE_DEBUG_INFO = NO;
				SDKROOT = iphoneos;
				VALIDATE_PRODUCT = YES;
			};
			name = Release;
		};
		00F529CB1B0ADD8200DBEB9D /* Debug */ = {
			isa = XCBuildConfiguration;
			buildSettings = {
				ASSETCATALOG_COMPILER_APPICON_NAME = AppIcon;
				INFOPLIST_FILE = ImageUpTitleDownButton/Info.plist;
				LD_RUNPATH_SEARCH_PATHS = "$(inherited) @executable_path/Frameworks";
				PRODUCT_NAME = "$(TARGET_NAME)";
			};
			name = Debug;
		};
		00F529CC1B0ADD8200DBEB9D /* Release */ = {
			isa = XCBuildConfiguration;
			buildSettings = {
				ASSETCATALOG_COMPILER_APPICON_NAME = AppIcon;
				INFOPLIST_FILE = ImageUpTitleDownButton/Info.plist;
				LD_RUNPATH_SEARCH_PATHS = "$(inherited) @executable_path/Frameworks";
				PRODUCT_NAME = "$(TARGET_NAME)";
			};
			name = Release;
		};
		00F529CE1B0ADD8200DBEB9D /* Debug */ = {
			isa = XCBuildConfiguration;
			buildSettings = {
				BUNDLE_LOADER = "$(TEST_HOST)";
				FRAMEWORK_SEARCH_PATHS = (
					"$(SDKROOT)/Developer/Library/Frameworks",
					"$(inherited)",
				);
				GCC_PREPROCESSOR_DEFINITIONS = (
					"DEBUG=1",
					"$(inherited)",
				);
				INFOPLIST_FILE = ImageUpTitleDownButtonTests/Info.plist;
				LD_RUNPATH_SEARCH_PATHS = "$(inherited) @executable_path/Frameworks @loader_path/Frameworks";
				PRODUCT_NAME = "$(TARGET_NAME)";
				TEST_HOST = "$(BUILT_PRODUCTS_DIR)/ImageUpTitleDownButton.app/ImageUpTitleDownButton";
			};
			name = Debug;
		};
		00F529CF1B0ADD8200DBEB9D /* Release */ = {
			isa = XCBuildConfiguration;
			buildSettings = {
				BUNDLE_LOADER = "$(TEST_HOST)";
				FRAMEWORK_SEARCH_PATHS = (
					"$(SDKROOT)/Developer/Library/Frameworks",
					"$(inherited)",
				);
				INFOPLIST_FILE = ImageUpTitleDownButtonTests/Info.plist;
				LD_RUNPATH_SEARCH_PATHS = "$(inherited) @executable_path/Frameworks @loader_path/Frameworks";
				PRODUCT_NAME = "$(TARGET_NAME)";
				TEST_HOST = "$(BUILT_PRODUCTS_DIR)/ImageUpTitleDownButton.app/ImageUpTitleDownButton";
			};
			name = Release;
		};
/* End XCBuildConfiguration section */

/* Begin XCConfigurationList section */
		00F529A21B0ADD8100DBEB9D /* Build configuration list for PBXProject "ImageUpTitleDownButton" */ = {
			isa = XCConfigurationList;
			buildConfigurations = (
				00F529C81B0ADD8200DBEB9D /* Debug */,
				00F529C91B0ADD8200DBEB9D /* Release */,
			);
			defaultConfigurationIsVisible = 0;
			defaultConfigurationName = Release;
		};
		00F529CA1B0ADD8200DBEB9D /* Build configuration list for PBXNativeTarget "ImageUpTitleDownButton" */ = {
			isa = XCConfigurationList;
			buildConfigurations = (
				00F529CB1B0ADD8200DBEB9D /* Debug */,
				00F529CC1B0ADD8200DBEB9D /* Release */,
			);
			defaultConfigurationIsVisible = 0;
			defaultConfigurationName = Release;
		};
		00F529CD1B0ADD8200DBEB9D /* Build configuration list for PBXNativeTarget "ImageUpTitleDownButtonTests" */ = {
			isa = XCConfigurationList;
			buildConfigurations = (
				00F529CE1B0ADD8200DBEB9D /* Debug */,
				00F529CF1B0ADD8200DBEB9D /* Release */,
			);
			defaultConfigurationIsVisible = 0;
			defaultConfigurationName = Release;
		};
/* End XCConfigurationList section */
	};
	rootObject = 00F5299F1B0ADD8100DBEB9D /* Project object */;
}
